
Microsoft Visual Studio Solution File, Format Version 12.00
# Visual Studio Version 17
VisualStudioVersion = 17.11.35312.102
MinimumVisualStudioVersion = 10.0.40219.1
Project("{FAE04EC0-301F-11D3-BF4B-00C04F79EFBC}") = "Useracc", "Useracc.csproj", "{75C6AEB8-CFB4-4EDE-B100-D105701095F5}"
EndProject
Global
	GlobalSection(SolutionConfigurationPlatforms) = preSolution
		Debug|Any CPU = Debug|Any CPU
		Release|Any CPU = Release|Any CPU
	EndGlobalSection
	GlobalSection(ProjectConfigurationPlatforms) = postSolution
		{75C6AEB8-CFB4-4EDE-B100-D105701095F5}.Debug|Any CPU.ActiveCfg = Debug|Any CPU
		{75C6AEB8-CFB4-4EDE-B100-D105701095F5}.Debug|Any CPU.Build.0 = Debug|Any CPU
		{75C6AEB8-CFB4-4EDE-B100-D105701095F5}.Release|Any CPU.ActiveCfg = Release|Any CPU
		{75C6AEB8-CFB4-4EDE-B100-D105701095F5}.Release|Any CPU.Build.0 = Release|Any CPU
	EndGlobalSection
	GlobalSection(SolutionProperties) = preSolution
		HideSolutionNode = FALSE
	EndGlobalSection
	GlobalSection(ExtensibilityGlobals) = postSolution
		SolutionGuid = {79F3351D-6320-4AB8-B1F4-E3E8BF05BD1F}
	EndGlobalSection
EndGlobal
